
Microsoft Visual Studio Solution File, Format Version 12.00
# Visual Studio Version 17
VisualStudioVersion = 17.0.31903.59
MinimumVisualStudioVersion = 10.0.40219.1
Project("{2150E333-8FDC-42A3-9474-1A3956D46DE8}") = "src", "src", "{A662A79C-C596-4188-BAD9-DF085D60E23C}"
EndProject
Project("{FAE04EC0-301F-11D3-BF4B-00C04F79EFBC}") = "AuctionService", "src\AuctionService\AuctionService.csproj", "{37B9DD5E-167B-41CF-9A4C-5D4B3672C10E}"
EndProject
Project("{FAE04EC0-301F-11D3-BF4B-00C04F79EFBC}") = "SearchService", "src\SearchService\SearchService.csproj", "{FDCFF909-49F3-42B5-B685-D7A9AEE54A32}"
EndProject
Project("{FAE04EC0-301F-11D3-BF4B-00C04F79EFBC}") = "Contracts", "src\Contracts\Contracts.csproj", "{FFCF7D0A-420D-4197-81A7-8328B0AAB21A}"
EndProject
Project("{FAE04EC0-301F-11D3-BF4B-00C04F79EFBC}") = "IdentityService", "src\IdentityService\IdentityService.csproj", "{3D7CA713-4866-4E8A-B17B-EDDD63DBF221}"
EndProject
Project("{FAE04EC0-301F-11D3-BF4B-00C04F79EFBC}") = "GatewayService", "src\GatewayService\GatewayService.csproj", "{50FDE1F7-340F-4202-8F5D-6D49CF0B37D4}"
EndProject
Project("{2150E333-8FDC-42A3-9474-1A3956D46DE8}") = "tests", "tests", "{5E5D476E-86CE-4F5D-A096-54C691F43ACD}"
EndProject
Project("{FAE04EC0-301F-11D3-BF4B-00C04F79EFBC}") = "AuctionService.UnitTests", "tests\AuctionService.UnitTests\AuctionService.UnitTests.csproj", "{F6F63BCD-AE32-4841-9196-BFCCBE202EAF}"
EndProject
Project("{FAE04EC0-301F-11D3-BF4B-00C04F79EFBC}") = "AuctionService.IntegrationTests", "tests\AuctionService.IntegrationTests\AuctionService.IntegrationTests.csproj", "{CE6E49FA-0E96-4CBB-8B12-80C9925F4F76}"
EndProject
Global
	GlobalSection(SolutionConfigurationPlatforms) = preSolution
		Debug|Any CPU = Debug|Any CPU
		Release|Any CPU = Release|Any CPU
	EndGlobalSection
	GlobalSection(ProjectConfigurationPlatforms) = postSolution
		{37B9DD5E-167B-41CF-9A4C-5D4B3672C10E}.Debug|Any CPU.ActiveCfg = Debug|Any CPU
		{37B9DD5E-167B-41CF-9A4C-5D4B3672C10E}.Debug|Any CPU.Build.0 = Debug|Any CPU
		{37B9DD5E-167B-41CF-9A4C-5D4B3672C10E}.Release|Any CPU.ActiveCfg = Release|Any CPU
		{37B9DD5E-167B-41CF-9A4C-5D4B3672C10E}.Release|Any CPU.Build.0 = Release|Any CPU
		{FDCFF909-49F3-42B5-B685-D7A9AEE54A32}.Debug|Any CPU.ActiveCfg = Debug|Any CPU
		{FDCFF909-49F3-42B5-B685-D7A9AEE54A32}.Debug|Any CPU.Build.0 = Debug|Any CPU
		{FDCFF909-49F3-42B5-B685-D7A9AEE54A32}.Release|Any CPU.ActiveCfg = Release|Any CPU
		{FDCFF909-49F3-42B5-B685-D7A9AEE54A32}.Release|Any CPU.Build.0 = Release|Any CPU
		{FFCF7D0A-420D-4197-81A7-8328B0AAB21A}.Debug|Any CPU.ActiveCfg = Debug|Any CPU
		{FFCF7D0A-420D-4197-81A7-8328B0AAB21A}.Debug|Any CPU.Build.0 = Debug|Any CPU
		{FFCF7D0A-420D-4197-81A7-8328B0AAB21A}.Release|Any CPU.ActiveCfg = Release|Any CPU
		{FFCF7D0A-420D-4197-81A7-8328B0AAB21A}.Release|Any CPU.Build.0 = Release|Any CPU
		{3D7CA713-4866-4E8A-B17B-EDDD63DBF221}.Debug|Any CPU.ActiveCfg = Debug|Any CPU
		{3D7CA713-4866-4E8A-B17B-EDDD63DBF221}.Debug|Any CPU.Build.0 = Debug|Any CPU
		{3D7CA713-4866-4E8A-B17B-EDDD63DBF221}.Release|Any CPU.ActiveCfg = Release|Any CPU
		{3D7CA713-4866-4E8A-B17B-EDDD63DBF221}.Release|Any CPU.Build.0 = Release|Any CPU
		{50FDE1F7-340F-4202-8F5D-6D49CF0B37D4}.Debug|Any CPU.ActiveCfg = Debug|Any CPU
		{50FDE1F7-340F-4202-8F5D-6D49CF0B37D4}.Debug|Any CPU.Build.0 = Debug|Any CPU
		{50FDE1F7-340F-4202-8F5D-6D49CF0B37D4}.Release|Any CPU.ActiveCfg = Release|Any CPU
		{50FDE1F7-340F-4202-8F5D-6D49CF0B37D4}.Release|Any CPU.Build.0 = Release|Any CPU
		{F6F63BCD-AE32-4841-9196-BFCCBE202EAF}.Debug|Any CPU.ActiveCfg = Debug|Any CPU
		{F6F63BCD-AE32-4841-9196-BFCCBE202EAF}.Debug|Any CPU.Build.0 = Debug|Any CPU
		{F6F63BCD-AE32-4841-9196-BFCCBE202EAF}.Release|Any CPU.ActiveCfg = Release|Any CPU
		{F6F63BCD-AE32-4841-9196-BFCCBE202EAF}.Release|Any CPU.Build.0 = Release|Any CPU
		{CE6E49FA-0E96-4CBB-8B12-80C9925F4F76}.Debug|Any CPU.ActiveCfg = Debug|Any CPU
		{CE6E49FA-0E96-4CBB-8B12-80C9925F4F76}.Debug|Any CPU.Build.0 = Debug|Any CPU
		{CE6E49FA-0E96-4CBB-8B12-80C9925F4F76}.Release|Any CPU.ActiveCfg = Release|Any CPU
		{CE6E49FA-0E96-4CBB-8B12-80C9925F4F76}.Release|Any CPU.Build.0 = Release|Any CPU
	EndGlobalSection
	GlobalSection(SolutionProperties) = preSolution
		HideSolutionNode = FALSE
	EndGlobalSection
	GlobalSection(NestedProjects) = preSolution
		{37B9DD5E-167B-41CF-9A4C-5D4B3672C10E} = {A662A79C-C596-4188-BAD9-DF085D60E23C}
		{FDCFF909-49F3-42B5-B685-D7A9AEE54A32} = {A662A79C-C596-4188-BAD9-DF085D60E23C}
		{FFCF7D0A-420D-4197-81A7-8328B0AAB21A} = {A662A79C-C596-4188-BAD9-DF085D60E23C}
		{3D7CA713-4866-4E8A-B17B-EDDD63DBF221} = {A662A79C-C596-4188-BAD9-DF085D60E23C}
		{50FDE1F7-340F-4202-8F5D-6D49CF0B37D4} = {A662A79C-C596-4188-BAD9-DF085D60E23C}
		{F6F63BCD-AE32-4841-9196-BFCCBE202EAF} = {5E5D476E-86CE-4F5D-A096-54C691F43ACD}
		{CE6E49FA-0E96-4CBB-8B12-80C9925F4F76} = {5E5D476E-86CE-4F5D-A096-54C691F43ACD}
	EndGlobalSection
EndGlobal
