
Microsoft Visual Studio Solution File, Format Version 12.00
# Visual Studio Version 17
VisualStudioVersion = 17.0.31903.59
MinimumVisualStudioVersion = 10.0.40219.1
Project("{2150E333-8FDC-42A3-9474-1A3956D46DE8}") = "src", "src", "{A662A79C-C596-4188-BAD9-DF085D60E23C}"
EndProject
Project("{FAE04EC0-301F-11D3-BF4B-00C04F79EFBC}") = "AuctionService", "src\AuctionService\AuctionService.csproj", "{37B9DD5E-167B-41CF-9A4C-5D4B3672C10E}"
EndProject
Project("{FAE04EC0-301F-11D3-BF4B-00C04F79EFBC}") = "SearchService", "src\SearchService\SearchService.csproj", "{FDCFF909-49F3-42B5-B685-D7A9AEE54A32}"
EndProject
Project("{FAE04EC0-301F-11D3-BF4B-00C04F79EFBC}") = "Contracts", "src\Contracts\Contracts.csproj", "{FFCF7D0A-420D-4197-81A7-8328B0AAB21A}"
EndProject
Project("{FAE04EC0-301F-11D3-BF4B-00C04F79EFBC}") = "IdentityService", "src\IdentityService\IdentityService.csproj", "{3D7CA713-4866-4E8A-B17B-EDDD63DBF221}"
EndProject
Global
	GlobalSection(SolutionConfigurationPlatforms) = preSolution
		Debug|Any CPU = Debug|Any CPU
		Release|Any CPU = Release|Any CPU
	EndGlobalSection
	GlobalSection(ProjectConfigurationPlatforms) = postSolution
		{37B9DD5E-167B-41CF-9A4C-5D4B3672C10E}.Debug|Any CPU.ActiveCfg = Debug|Any CPU
		{37B9DD5E-167B-41CF-9A4C-5D4B3672C10E}.Debug|Any CPU.Build.0 = Debug|Any CPU
		{37B9DD5E-167B-41CF-9A4C-5D4B3672C10E}.Release|Any CPU.ActiveCfg = Release|Any CPU
		{37B9DD5E-167B-41CF-9A4C-5D4B3672C10E}.Release|Any CPU.Build.0 = Release|Any CPU
		{FDCFF909-49F3-42B5-B685-D7A9AEE54A32}.Debug|Any CPU.ActiveCfg = Debug|Any CPU
		{FDCFF909-49F3-42B5-B685-D7A9AEE54A32}.Debug|Any CPU.Build.0 = Debug|Any CPU
		{FDCFF909-49F3-42B5-B685-D7A9AEE54A32}.Release|Any CPU.ActiveCfg = Release|Any CPU
		{FDCFF909-49F3-42B5-B685-D7A9AEE54A32}.Release|Any CPU.Build.0 = Release|Any CPU
		{FFCF7D0A-420D-4197-81A7-8328B0AAB21A}.Debug|Any CPU.ActiveCfg = Debug|Any CPU
		{FFCF7D0A-420D-4197-81A7-8328B0AAB21A}.Debug|Any CPU.Build.0 = Debug|Any CPU
		{FFCF7D0A-420D-4197-81A7-8328B0AAB21A}.Release|Any CPU.ActiveCfg = Release|Any CPU
		{FFCF7D0A-420D-4197-81A7-8328B0AAB21A}.Release|Any CPU.Build.0 = Release|Any CPU
		{3D7CA713-4866-4E8A-B17B-EDDD63DBF221}.Debug|Any CPU.ActiveCfg = Debug|Any CPU
		{3D7CA713-4866-4E8A-B17B-EDDD63DBF221}.Debug|Any CPU.Build.0 = Debug|Any CPU
		{3D7CA713-4866-4E8A-B17B-EDDD63DBF221}.Release|Any CPU.ActiveCfg = Release|Any CPU
		{3D7CA713-4866-4E8A-B17B-EDDD63DBF221}.Release|Any CPU.Build.0 = Release|Any CPU
	EndGlobalSection
	GlobalSection(SolutionProperties) = preSolution
		HideSolutionNode = FALSE
	EndGlobalSection
	GlobalSection(NestedProjects) = preSolution
		{37B9DD5E-167B-41CF-9A4C-5D4B3672C10E} = {A662A79C-C596-4188-BAD9-DF085D60E23C}
		{FDCFF909-49F3-42B5-B685-D7A9AEE54A32} = {A662A79C-C596-4188-BAD9-DF085D60E23C}
		{FFCF7D0A-420D-4197-81A7-8328B0AAB21A} = {A662A79C-C596-4188-BAD9-DF085D60E23C}
		{3D7CA713-4866-4E8A-B17B-EDDD63DBF221} = {A662A79C-C596-4188-BAD9-DF085D60E23C}
	EndGlobalSection
EndGlobal
